
Microsoft Visual Studio Solution File, Format Version 12.00
# Visual Studio Version 16
VisualStudioVersion = 16.0.30711.63
MinimumVisualStudioVersion = 10.0.40219.1
Project("{FAE04EC0-301F-11D3-BF4B-00C04F79EFBC}") = "Simulateur_reseaux", "Simulateur_reseaux\Simulateur_reseaux.csproj", "{7F7C979F-CB64-46A6-9BA5-1AB78E32082C}"
EndProject
Global
	GlobalSection(SolutionConfigurationPlatforms) = preSolution
		Debug|Any CPU = Debug|Any CPU
		Release|Any CPU = Release|Any CPU
	EndGlobalSection
	GlobalSection(ProjectConfigurationPlatforms) = postSolution
		{7F7C979F-CB64-46A6-9BA5-1AB78E32082C}.Debug|Any CPU.ActiveCfg = Debug|Any CPU
		{7F7C979F-CB64-46A6-9BA5-1AB78E32082C}.Debug|Any CPU.Build.0 = Debug|Any CPU
		{7F7C979F-CB64-46A6-9BA5-1AB78E32082C}.Release|Any CPU.ActiveCfg = Release|Any CPU
		{7F7C979F-CB64-46A6-9BA5-1AB78E32082C}.Release|Any CPU.Build.0 = Release|Any CPU
	EndGlobalSection
	GlobalSection(SolutionProperties) = preSolution
		HideSolutionNode = FALSE
	EndGlobalSection
	GlobalSection(ExtensibilityGlobals) = postSolution
		SolutionGuid = {E16F6DAC-D89A-426A-ADED-E5629145D81E}
	EndGlobalSection
EndGlobal
